
Microsoft Visual Studio Solution File, Format Version 12.00
# Visual Studio Version 17
VisualStudioVersion = 17.10.34607.79
MinimumVisualStudioVersion = 10.0.40219.1
Project("{FAE04EC0-301F-11D3-BF4B-00C04F79EFBC}") = "MagicVillaAPI", "MagicVillaAPI\MagicVillaAPI.csproj", "{87580056-E62D-4BDD-B92B-91F2F6FE1665}"
EndProject
Project("{FAE04EC0-301F-11D3-BF4B-00C04F79EFBC}") = "MagicVilla_Web", "MagicVilla_Web\MagicVilla_Web.csproj", "{7F7CAC35-0019-4F47-9DFE-E9855621DB3B}"
EndProject
Project("{FAE04EC0-301F-11D3-BF4B-00C04F79EFBC}") = "MagicVilla_Utility", "MagicVilla_Utility\MagicVilla_Utility.csproj", "{30B11BE7-EECD-44DF-BE6A-BD3B12E3B605}"
EndProject
Global
	GlobalSection(SolutionConfigurationPlatforms) = preSolution
		Debug|Any CPU = Debug|Any CPU
		Release|Any CPU = Release|Any CPU
	EndGlobalSection
	GlobalSection(ProjectConfigurationPlatforms) = postSolution
		{87580056-E62D-4BDD-B92B-91F2F6FE1665}.Debug|Any CPU.ActiveCfg = Debug|Any CPU
		{87580056-E62D-4BDD-B92B-91F2F6FE1665}.Debug|Any CPU.Build.0 = Debug|Any CPU
		{87580056-E62D-4BDD-B92B-91F2F6FE1665}.Release|Any CPU.ActiveCfg = Release|Any CPU
		{87580056-E62D-4BDD-B92B-91F2F6FE1665}.Release|Any CPU.Build.0 = Release|Any CPU
		{7F7CAC35-0019-4F47-9DFE-E9855621DB3B}.Debug|Any CPU.ActiveCfg = Debug|Any CPU
		{7F7CAC35-0019-4F47-9DFE-E9855621DB3B}.Debug|Any CPU.Build.0 = Debug|Any CPU
		{7F7CAC35-0019-4F47-9DFE-E9855621DB3B}.Release|Any CPU.ActiveCfg = Release|Any CPU
		{7F7CAC35-0019-4F47-9DFE-E9855621DB3B}.Release|Any CPU.Build.0 = Release|Any CPU
		{30B11BE7-EECD-44DF-BE6A-BD3B12E3B605}.Debug|Any CPU.ActiveCfg = Debug|Any CPU
		{30B11BE7-EECD-44DF-BE6A-BD3B12E3B605}.Debug|Any CPU.Build.0 = Debug|Any CPU
		{30B11BE7-EECD-44DF-BE6A-BD3B12E3B605}.Release|Any CPU.ActiveCfg = Release|Any CPU
		{30B11BE7-EECD-44DF-BE6A-BD3B12E3B605}.Release|Any CPU.Build.0 = Release|Any CPU
	EndGlobalSection
	GlobalSection(SolutionProperties) = preSolution
		HideSolutionNode = FALSE
	EndGlobalSection
	GlobalSection(ExtensibilityGlobals) = postSolution
		SolutionGuid = {0850862D-61DE-4CE7-B426-82F846FC61DE}
	EndGlobalSection
EndGlobal
